
Microsoft Visual Studio Solution File, Format Version 12.00
# Visual Studio Version 17
VisualStudioVersion = 17.5.33414.496
MinimumVisualStudioVersion = 10.0.40219.1
Project("{9A19103F-16F7-4668-BE54-9A1E7A4F7556}") = "SmartData.Lib", "SmartData.Lib\SmartData.Lib.csproj", "{FE346AF3-A75E-406D-BBC9-0B302C8A28A7}"
EndProject
Project("{9A19103F-16F7-4668-BE54-9A1E7A4F7556}") = "DatasetProcessor", "DatasetProcessor\DatasetProcessor.csproj", "{3B3C46BF-454C-4D8A-80C5-B09D86B0A856}"
EndProject
Project("{9A19103F-16F7-4668-BE54-9A1E7A4F7556}") = "DatasetProcessorDesktop", "DatasetProcessorDesktop\DatasetProcessorDesktop.csproj", "{8BC8B600-5317-4805-8038-39F47BBCA19D}"
EndProject
Project("{FAE04EC0-301F-11D3-BF4B-00C04F79EFBC}") = "ConsoleTestApp", "ConsoleTestApp\ConsoleTestApp.csproj", "{2FCCE0E8-E7EB-40DC-998C-8968DA2AF47C}"
EndProject
Global
	GlobalSection(SolutionConfigurationPlatforms) = preSolution
		Debug|Any CPU = Debug|Any CPU
		Debug|x64 = Debug|x64
		Release|Any CPU = Release|Any CPU
		Release|x64 = Release|x64
	EndGlobalSection
	GlobalSection(ProjectConfigurationPlatforms) = postSolution
		{FE346AF3-A75E-406D-BBC9-0B302C8A28A7}.Debug|Any CPU.ActiveCfg = Debug|Any CPU
		{FE346AF3-A75E-406D-BBC9-0B302C8A28A7}.Debug|Any CPU.Build.0 = Debug|Any CPU
		{FE346AF3-A75E-406D-BBC9-0B302C8A28A7}.Debug|x64.ActiveCfg = Debug|Any CPU
		{FE346AF3-A75E-406D-BBC9-0B302C8A28A7}.Debug|x64.Build.0 = Debug|Any CPU
		{FE346AF3-A75E-406D-BBC9-0B302C8A28A7}.Release|Any CPU.ActiveCfg = Release|Any CPU
		{FE346AF3-A75E-406D-BBC9-0B302C8A28A7}.Release|Any CPU.Build.0 = Release|Any CPU
		{FE346AF3-A75E-406D-BBC9-0B302C8A28A7}.Release|x64.ActiveCfg = Release|Any CPU
		{FE346AF3-A75E-406D-BBC9-0B302C8A28A7}.Release|x64.Build.0 = Release|Any CPU
		{3B3C46BF-454C-4D8A-80C5-B09D86B0A856}.Debug|Any CPU.ActiveCfg = Debug|Any CPU
		{3B3C46BF-454C-4D8A-80C5-B09D86B0A856}.Debug|Any CPU.Build.0 = Debug|Any CPU
		{3B3C46BF-454C-4D8A-80C5-B09D86B0A856}.Debug|x64.ActiveCfg = Debug|Any CPU
		{3B3C46BF-454C-4D8A-80C5-B09D86B0A856}.Debug|x64.Build.0 = Debug|Any CPU
		{3B3C46BF-454C-4D8A-80C5-B09D86B0A856}.Release|Any CPU.ActiveCfg = Release|Any CPU
		{3B3C46BF-454C-4D8A-80C5-B09D86B0A856}.Release|Any CPU.Build.0 = Release|Any CPU
		{3B3C46BF-454C-4D8A-80C5-B09D86B0A856}.Release|x64.ActiveCfg = Release|Any CPU
		{3B3C46BF-454C-4D8A-80C5-B09D86B0A856}.Release|x64.Build.0 = Release|Any CPU
		{8BC8B600-5317-4805-8038-39F47BBCA19D}.Debug|Any CPU.ActiveCfg = Debug|Any CPU
		{8BC8B600-5317-4805-8038-39F47BBCA19D}.Debug|Any CPU.Build.0 = Debug|Any CPU
		{8BC8B600-5317-4805-8038-39F47BBCA19D}.Debug|x64.ActiveCfg = Debug|Any CPU
		{8BC8B600-5317-4805-8038-39F47BBCA19D}.Debug|x64.Build.0 = Debug|Any CPU
		{8BC8B600-5317-4805-8038-39F47BBCA19D}.Release|Any CPU.ActiveCfg = Release|Any CPU
		{8BC8B600-5317-4805-8038-39F47BBCA19D}.Release|Any CPU.Build.0 = Release|Any CPU
		{8BC8B600-5317-4805-8038-39F47BBCA19D}.Release|x64.ActiveCfg = Release|Any CPU
		{8BC8B600-5317-4805-8038-39F47BBCA19D}.Release|x64.Build.0 = Release|Any CPU
		{2FCCE0E8-E7EB-40DC-998C-8968DA2AF47C}.Debug|Any CPU.ActiveCfg = Debug|Any CPU
		{2FCCE0E8-E7EB-40DC-998C-8968DA2AF47C}.Debug|Any CPU.Build.0 = Debug|Any CPU
		{2FCCE0E8-E7EB-40DC-998C-8968DA2AF47C}.Debug|x64.ActiveCfg = Debug|Any CPU
		{2FCCE0E8-E7EB-40DC-998C-8968DA2AF47C}.Debug|x64.Build.0 = Debug|Any CPU
		{2FCCE0E8-E7EB-40DC-998C-8968DA2AF47C}.Release|Any CPU.ActiveCfg = Release|Any CPU
		{2FCCE0E8-E7EB-40DC-998C-8968DA2AF47C}.Release|Any CPU.Build.0 = Release|Any CPU
		{2FCCE0E8-E7EB-40DC-998C-8968DA2AF47C}.Release|x64.ActiveCfg = Release|Any CPU
		{2FCCE0E8-E7EB-40DC-998C-8968DA2AF47C}.Release|x64.Build.0 = Release|Any CPU
	EndGlobalSection
	GlobalSection(SolutionProperties) = preSolution
		HideSolutionNode = FALSE
	EndGlobalSection
	GlobalSection(ExtensibilityGlobals) = postSolution
		SolutionGuid = {7CAD2877-6E69-42DA-BE9B-8AA926779597}
	EndGlobalSection
EndGlobal
